
Microsoft Visual Studio Solution File, Format Version 12.00
# Visual Studio Version 17
VisualStudioVersion = 17.7.34003.232
MinimumVisualStudioVersion = 10.0.40219.1
Project("{FAE04EC0-301F-11D3-BF4B-00C04F79EFBC}") = "HastaneYönetimiRandevuSistemi", "HastaneYönetimiRandevuSistemi.csproj", "{4FEFF9E1-808E-4632-A121-FBFF1DA4BCA7}"
EndProject
Global
	GlobalSection(SolutionConfigurationPlatforms) = preSolution
		Debug|Any CPU = Debug|Any CPU
		Release|Any CPU = Release|Any CPU
	EndGlobalSection
	GlobalSection(ProjectConfigurationPlatforms) = postSolution
		{4FEFF9E1-808E-4632-A121-FBFF1DA4BCA7}.Debug|Any CPU.ActiveCfg = Debug|Any CPU
		{4FEFF9E1-808E-4632-A121-FBFF1DA4BCA7}.Debug|Any CPU.Build.0 = Debug|Any CPU
		{4FEFF9E1-808E-4632-A121-FBFF1DA4BCA7}.Release|Any CPU.ActiveCfg = Release|Any CPU
		{4FEFF9E1-808E-4632-A121-FBFF1DA4BCA7}.Release|Any CPU.Build.0 = Release|Any CPU
	EndGlobalSection
	GlobalSection(SolutionProperties) = preSolution
		HideSolutionNode = FALSE
	EndGlobalSection
	GlobalSection(ExtensibilityGlobals) = postSolution
		SolutionGuid = {3E0027EB-4F79-49C0-A02E-F454F9C129F6}
	EndGlobalSection
EndGlobal
